
Microsoft Visual Studio Solution File, Format Version 12.00
# Visual Studio Version 16
VisualStudioVersion = 16.0.30114.105
MinimumVisualStudioVersion = 10.0.40219.1
Project("{FAE04EC0-301F-11D3-BF4B-00C04F79EFBC}") = "Dia01-varredura-do-sonar", "Dia01-varredura-do-sonar\Dia01-varredura-do-sonar.csproj", "{15DF5FE2-AF8F-43C6-8FCA-B92D9169C0E2}"
EndProject
Project("{FAE04EC0-301F-11D3-BF4B-00C04F79EFBC}") = "Dia02-mergulho", "Dia02-mergulho\Dia02-mergulho.csproj", "{502E3C7F-F5DC-438C-823A-0FD27075B357}"
EndProject
Project("{FAE04EC0-301F-11D3-BF4B-00C04F79EFBC}") = "Dia03-diagnostico-binario", "Dia03-diagnostico-binario\Dia03-diagnostico-binario.csproj", "{044B56C3-E7A3-4E1C-8D81-1E3B03BDFFA2}"
EndProject
Global
	GlobalSection(SolutionConfigurationPlatforms) = preSolution
		Debug|Any CPU = Debug|Any CPU
		Debug|x64 = Debug|x64
		Debug|x86 = Debug|x86
		Release|Any CPU = Release|Any CPU
		Release|x64 = Release|x64
		Release|x86 = Release|x86
	EndGlobalSection
	GlobalSection(SolutionProperties) = preSolution
		HideSolutionNode = FALSE
	EndGlobalSection
	GlobalSection(ProjectConfigurationPlatforms) = postSolution
		{15DF5FE2-AF8F-43C6-8FCA-B92D9169C0E2}.Debug|Any CPU.ActiveCfg = Debug|Any CPU
		{15DF5FE2-AF8F-43C6-8FCA-B92D9169C0E2}.Debug|Any CPU.Build.0 = Debug|Any CPU
		{15DF5FE2-AF8F-43C6-8FCA-B92D9169C0E2}.Debug|x64.ActiveCfg = Debug|Any CPU
		{15DF5FE2-AF8F-43C6-8FCA-B92D9169C0E2}.Debug|x64.Build.0 = Debug|Any CPU
		{15DF5FE2-AF8F-43C6-8FCA-B92D9169C0E2}.Debug|x86.ActiveCfg = Debug|Any CPU
		{15DF5FE2-AF8F-43C6-8FCA-B92D9169C0E2}.Debug|x86.Build.0 = Debug|Any CPU
		{15DF5FE2-AF8F-43C6-8FCA-B92D9169C0E2}.Release|Any CPU.ActiveCfg = Release|Any CPU
		{15DF5FE2-AF8F-43C6-8FCA-B92D9169C0E2}.Release|Any CPU.Build.0 = Release|Any CPU
		{15DF5FE2-AF8F-43C6-8FCA-B92D9169C0E2}.Release|x64.ActiveCfg = Release|Any CPU
		{15DF5FE2-AF8F-43C6-8FCA-B92D9169C0E2}.Release|x64.Build.0 = Release|Any CPU
		{15DF5FE2-AF8F-43C6-8FCA-B92D9169C0E2}.Release|x86.ActiveCfg = Release|Any CPU
		{15DF5FE2-AF8F-43C6-8FCA-B92D9169C0E2}.Release|x86.Build.0 = Release|Any CPU
		{502E3C7F-F5DC-438C-823A-0FD27075B357}.Debug|Any CPU.ActiveCfg = Debug|Any CPU
		{502E3C7F-F5DC-438C-823A-0FD27075B357}.Debug|Any CPU.Build.0 = Debug|Any CPU
		{502E3C7F-F5DC-438C-823A-0FD27075B357}.Debug|x64.ActiveCfg = Debug|Any CPU
		{502E3C7F-F5DC-438C-823A-0FD27075B357}.Debug|x64.Build.0 = Debug|Any CPU
		{502E3C7F-F5DC-438C-823A-0FD27075B357}.Debug|x86.ActiveCfg = Debug|Any CPU
		{502E3C7F-F5DC-438C-823A-0FD27075B357}.Debug|x86.Build.0 = Debug|Any CPU
		{502E3C7F-F5DC-438C-823A-0FD27075B357}.Release|Any CPU.ActiveCfg = Release|Any CPU
		{502E3C7F-F5DC-438C-823A-0FD27075B357}.Release|Any CPU.Build.0 = Release|Any CPU
		{502E3C7F-F5DC-438C-823A-0FD27075B357}.Release|x64.ActiveCfg = Release|Any CPU
		{502E3C7F-F5DC-438C-823A-0FD27075B357}.Release|x64.Build.0 = Release|Any CPU
		{502E3C7F-F5DC-438C-823A-0FD27075B357}.Release|x86.ActiveCfg = Release|Any CPU
		{502E3C7F-F5DC-438C-823A-0FD27075B357}.Release|x86.Build.0 = Release|Any CPU
		{044B56C3-E7A3-4E1C-8D81-1E3B03BDFFA2}.Debug|Any CPU.ActiveCfg = Debug|Any CPU
		{044B56C3-E7A3-4E1C-8D81-1E3B03BDFFA2}.Debug|Any CPU.Build.0 = Debug|Any CPU
		{044B56C3-E7A3-4E1C-8D81-1E3B03BDFFA2}.Debug|x64.ActiveCfg = Debug|Any CPU
		{044B56C3-E7A3-4E1C-8D81-1E3B03BDFFA2}.Debug|x64.Build.0 = Debug|Any CPU
		{044B56C3-E7A3-4E1C-8D81-1E3B03BDFFA2}.Debug|x86.ActiveCfg = Debug|Any CPU
		{044B56C3-E7A3-4E1C-8D81-1E3B03BDFFA2}.Debug|x86.Build.0 = Debug|Any CPU
		{044B56C3-E7A3-4E1C-8D81-1E3B03BDFFA2}.Release|Any CPU.ActiveCfg = Release|Any CPU
		{044B56C3-E7A3-4E1C-8D81-1E3B03BDFFA2}.Release|Any CPU.Build.0 = Release|Any CPU
		{044B56C3-E7A3-4E1C-8D81-1E3B03BDFFA2}.Release|x64.ActiveCfg = Release|Any CPU
		{044B56C3-E7A3-4E1C-8D81-1E3B03BDFFA2}.Release|x64.Build.0 = Release|Any CPU
		{044B56C3-E7A3-4E1C-8D81-1E3B03BDFFA2}.Release|x86.ActiveCfg = Release|Any CPU
		{044B56C3-E7A3-4E1C-8D81-1E3B03BDFFA2}.Release|x86.Build.0 = Release|Any CPU
	EndGlobalSection
EndGlobal
